// !$*UTF8*$!
{
	archiveVersion = 1;
	classes = {
	};
	objectVersion = 50;
	objects = {

/* Begin PBXBuildFile section */
		131423DE21137EDE00A041CE /* myGameVC.swift in Sources */ = {isa = PBXBuildFile; fileRef = 131423DD21137EDE00A041CE /* myGameVC.swift */; };
		133D8734214F4DD200728394 /* statisticsVC.swift in Sources */ = {isa = PBXBuildFile; fileRef = 133D8733214F4DD200728394 /* statisticsVC.swift */; };
		134A737121310F8C008629E5 /* extensions.swift in Sources */ = {isa = PBXBuildFile; fileRef = 134A737021310F8C008629E5 /* extensions.swift */; };
		134A737521311538008629E5 /* groupsColor.swift in Sources */ = {isa = PBXBuildFile; fileRef = 134A737421311538008629E5 /* groupsColor.swift */; };
		138234F021475EBF00D5EACE /* scoreVC.swift in Sources */ = {isa = PBXBuildFile; fileRef = 138234EF21475EBF00D5EACE /* scoreVC.swift */; };
		13AEA998211006B50048696F /* addwordVC.swift in Sources */ = {isa = PBXBuildFile; fileRef = 13AEA997211006B50048696F /* addwordVC.swift */; };
		13BA8EC7210EA85B00FBEAF5 /* wordCell.swift in Sources */ = {isa = PBXBuildFile; fileRef = 13BA8EC6210EA85B00FBEAF5 /* wordCell.swift */; };
		13BAF97C2125A8EE00ED7A8E /* groupCell.swift in Sources */ = {isa = PBXBuildFile; fileRef = 13BAF97B2125A8EE00ED7A8E /* groupCell.swift */; };
		13F196ED210A3DEE0033EF05 /* AppDelegate.swift in Sources */ = {isa = PBXBuildFile; fileRef = 13F196EC210A3DEE0033EF05 /* AppDelegate.swift */; };
		13F196EF210A3DEE0033EF05 /* mainController.swift in Sources */ = {isa = PBXBuildFile; fileRef = 13F196EE210A3DEE0033EF05 /* mainController.swift */; };
		13F196F2210A3DEE0033EF05 /* Main.storyboard in Resources */ = {isa = PBXBuildFile; fileRef = 13F196F0210A3DEE0033EF05 /* Main.storyboard */; };
		13F196F5210A3DEE0033EF05 /* flashCards.xcdatamodeld in Sources */ = {isa = PBXBuildFile; fileRef = 13F196F3210A3DEE0033EF05 /* flashCards.xcdatamodeld */; };
		13F196F7210A3DEF0033EF05 /* Assets.xcassets in Resources */ = {isa = PBXBuildFile; fileRef = 13F196F6210A3DEF0033EF05 /* Assets.xcassets */; };
		13F196FA210A3DEF0033EF05 /* LaunchScreen.storyboard in Resources */ = {isa = PBXBuildFile; fileRef = 13F196F8210A3DEF0033EF05 /* LaunchScreen.storyboard */; };
		13F19704210A4ACA0033EF05 /* sombraVista.swift in Sources */ = {isa = PBXBuildFile; fileRef = 13F19703210A4ACA0033EF05 /* sombraVista.swift */; };
		13F19706210A4C630033EF05 /* vistaBoton.swift in Sources */ = {isa = PBXBuildFile; fileRef = 13F19705210A4C630033EF05 /* vistaBoton.swift */; };
		13F19708210A4FB20033EF05 /* vistaBotones.swift in Sources */ = {isa = PBXBuildFile; fileRef = 13F19707210A4FB20033EF05 /* vistaBotones.swift */; };
		13F1970A210A8A150033EF05 /* myWordsVC.swift in Sources */ = {isa = PBXBuildFile; fileRef = 13F19709210A8A150033EF05 /* myWordsVC.swift */; };
		13F7E61221253DD200C68CA6 /* myGroupsVC.swift in Sources */ = {isa = PBXBuildFile; fileRef = 13F7E61121253DD200C68CA6 /* myGroupsVC.swift */; };
		C265B405851B7E8854858F52 /* Pods_flashCards.framework in Frameworks */ = {isa = PBXBuildFile; fileRef = 6FCF9AC7F30D1E5687A42C17 /* Pods_flashCards.framework */; };
/* End PBXBuildFile section */

/* Begin PBXFileReference section */
		131423DD21137EDE00A041CE /* myGameVC.swift */ = {isa = PBXFileReference; lastKnownFileType = sourcecode.swift; path = myGameVC.swift; sourceTree = "<group>"; };
		133D8733214F4DD200728394 /* statisticsVC.swift */ = {isa = PBXFileReference; lastKnownFileType = sourcecode.swift; path = statisticsVC.swift; sourceTree = "<group>"; };
		134A737021310F8C008629E5 /* extensions.swift */ = {isa = PBXFileReference; lastKnownFileType = sourcecode.swift; path = extensions.swift; sourceTree = "<group>"; };
		134A737421311538008629E5 /* groupsColor.swift */ = {isa = PBXFileReference; lastKnownFileType = sourcecode.swift; path = groupsColor.swift; sourceTree = "<group>"; };
		138234EF21475EBF00D5EACE /* scoreVC.swift */ = {isa = PBXFileReference; lastKnownFileType = sourcecode.swift; path = scoreVC.swift; sourceTree = "<group>"; };
		13AEA997211006B50048696F /* addwordVC.swift */ = {isa = PBXFileReference; lastKnownFileType = sourcecode.swift; path = addwordVC.swift; sourceTree = "<group>"; };
		13BA8EC6210EA85B00FBEAF5 /* wordCell.swift */ = {isa = PBXFileReference; lastKnownFileType = sourcecode.swift; path = wordCell.swift; sourceTree = "<group>"; };
		13BAF97B2125A8EE00ED7A8E /* groupCell.swift */ = {isa = PBXFileReference; lastKnownFileType = sourcecode.swift; path = groupCell.swift; sourceTree = "<group>"; };
		13F196E9210A3DED0033EF05 /* flashCards.app */ = {isa = PBXFileReference; explicitFileType = wrapper.application; includeInIndex = 0; path = flashCards.app; sourceTree = BUILT_PRODUCTS_DIR; };
		13F196EC210A3DEE0033EF05 /* AppDelegate.swift */ = {isa = PBXFileReference; lastKnownFileType = sourcecode.swift; path = AppDelegate.swift; sourceTree = "<group>"; };
		13F196EE210A3DEE0033EF05 /* mainController.swift */ = {isa = PBXFileReference; lastKnownFileType = sourcecode.swift; path = mainController.swift; sourceTree = "<group>"; };
		13F196F1210A3DEE0033EF05 /* Base */ = {isa = PBXFileReference; lastKnownFileType = file.storyboard; name = Base; path = Base.lproj/Main.storyboard; sourceTree = "<group>"; };
		13F196F4210A3DEE0033EF05 /* flashCards.xcdatamodel */ = {isa = PBXFileReference; lastKnownFileType = wrapper.xcdatamodel; path = flashCards.xcdatamodel; sourceTree = "<group>"; };
		13F196F6210A3DEF0033EF05 /* Assets.xcassets */ = {isa = PBXFileReference; lastKnownFileType = folder.assetcatalog; path = Assets.xcassets; sourceTree = "<group>"; };
		13F196F9210A3DEF0033EF05 /* Base */ = {isa = PBXFileReference; lastKnownFileType = file.storyboard; name = Base; path = Base.lproj/LaunchScreen.storyboard; sourceTree = "<group>"; };
		13F196FB210A3DEF0033EF05 /* Info.plist */ = {isa = PBXFileReference; lastKnownFileType = text.plist.xml; path = Info.plist; sourceTree = "<group>"; };
		13F19703210A4ACA0033EF05 /* sombraVista.swift */ = {isa = PBXFileReference; lastKnownFileType = sourcecode.swift; path = sombraVista.swift; sourceTree = "<group>"; };
		13F19705210A4C630033EF05 /* vistaBoton.swift */ = {isa = PBXFileReference; lastKnownFileType = sourcecode.swift; path = vistaBoton.swift; sourceTree = "<group>"; };
		13F19707210A4FB20033EF05 /* vistaBotones.swift */ = {isa = PBXFileReference; lastKnownFileType = sourcecode.swift; path = vistaBotones.swift; sourceTree = "<group>"; };
		13F19709210A8A150033EF05 /* myWordsVC.swift */ = {isa = PBXFileReference; lastKnownFileType = sourcecode.swift; path = myWordsVC.swift; sourceTree = "<group>"; };
		13F7E61121253DD200C68CA6 /* myGroupsVC.swift */ = {isa = PBXFileReference; lastKnownFileType = sourcecode.swift; path = myGroupsVC.swift; sourceTree = "<group>"; };
		2EB8D8FE548A4A96FAF4F675 /* Pods-flashCards.release.xcconfig */ = {isa = PBXFileReference; includeInIndex = 1; lastKnownFileType = text.xcconfig; name = "Pods-flashCards.release.xcconfig"; path = "Pods/Target Support Files/Pods-flashCards/Pods-flashCards.release.xcconfig"; sourceTree = "<group>"; };
		6FCF9AC7F30D1E5687A42C17 /* Pods_flashCards.framework */ = {isa = PBXFileReference; explicitFileType = wrapper.framework; includeInIndex = 0; path = Pods_flashCards.framework; sourceTree = BUILT_PRODUCTS_DIR; };
		B91E80B9E493E38F2BC7E677 /* Pods-flashCards.debug.xcconfig */ = {isa = PBXFileReference; includeInIndex = 1; lastKnownFileType = text.xcconfig; name = "Pods-flashCards.debug.xcconfig"; path = "Pods/Target Support Files/Pods-flashCards/Pods-flashCards.debug.xcconfig"; sourceTree = "<group>"; };
/* End PBXFileReference section */

/* Begin PBXFrameworksBuildPhase section */
		13F196E6210A3DED0033EF05 /* Frameworks */ = {
			isa = PBXFrameworksBuildPhase;
			buildActionMask = 2147483647;
			files = (
				C265B405851B7E8854858F52 /* Pods_flashCards.framework in Frameworks */,
			);
			runOnlyForDeploymentPostprocessing = 0;
		};
/* End PBXFrameworksBuildPhase section */

/* Begin PBXGroup section */
		13BA8EC4210EA82B00FBEAF5 /* views */ = {
			isa = PBXGroup;
			children = (
				13BA8EC6210EA85B00FBEAF5 /* wordCell.swift */,
				13BAF97B2125A8EE00ED7A8E /* groupCell.swift */,
			);
			path = views;
			sourceTree = "<group>";
		};
		13BB3A3121310F2A00E60CF9 /* data */ = {
			isa = PBXGroup;
			children = (
				13F196F3210A3DEE0033EF05 /* flashCards.xcdatamodeld */,
				134A737021310F8C008629E5 /* extensions.swift */,
				134A737421311538008629E5 /* groupsColor.swift */,
			);
			path = data;
			sourceTree = "<group>";
		};
		13F196E0210A3DED0033EF05 = {
			isa = PBXGroup;
			children = (
				13F196EB210A3DED0033EF05 /* flashCards */,
				13F196EA210A3DED0033EF05 /* Products */,
				B7082BD7FD12725E2BAB2E0C /* Pods */,
				9CDA36F7BDC55029AD97C98D /* Frameworks */,
			);
			sourceTree = "<group>";
		};
		13F196EA210A3DED0033EF05 /* Products */ = {
			isa = PBXGroup;
			children = (
				13F196E9210A3DED0033EF05 /* flashCards.app */,
			);
			name = Products;
			sourceTree = "<group>";
		};
		13F196EB210A3DED0033EF05 /* flashCards */ = {
			isa = PBXGroup;
			children = (
				13BB3A3121310F2A00E60CF9 /* data */,
				13BA8EC4210EA82B00FBEAF5 /* views */,
				13F19702210A4AAB0033EF05 /* design */,
				13F19701210A4AA00033EF05 /* controlladores */,
				13F196EC210A3DEE0033EF05 /* AppDelegate.swift */,
				13F196F0210A3DEE0033EF05 /* Main.storyboard */,
				13F196F6210A3DEF0033EF05 /* Assets.xcassets */,
				13F196F8210A3DEF0033EF05 /* LaunchScreen.storyboard */,
				13F196FB210A3DEF0033EF05 /* Info.plist */,
			);
			path = flashCards;
			sourceTree = "<group>";
		};
		13F19701210A4AA00033EF05 /* controlladores */ = {
			isa = PBXGroup;
			children = (
				13F196EE210A3DEE0033EF05 /* mainController.swift */,
				13F19709210A8A150033EF05 /* myWordsVC.swift */,
				13AEA997211006B50048696F /* addwordVC.swift */,
				131423DD21137EDE00A041CE /* myGameVC.swift */,
				13F7E61121253DD200C68CA6 /* myGroupsVC.swift */,
				138234EF21475EBF00D5EACE /* scoreVC.swift */,
				133D8733214F4DD200728394 /* statisticsVC.swift */,
			);
			path = controlladores;
			sourceTree = "<group>";
		};
		13F19702210A4AAB0033EF05 /* design */ = {
			isa = PBXGroup;
			children = (
				13F19703210A4ACA0033EF05 /* sombraVista.swift */,
				13F19705210A4C630033EF05 /* vistaBoton.swift */,
				13F19707210A4FB20033EF05 /* vistaBotones.swift */,
			);
			path = design;
			sourceTree = "<group>";
		};
		9CDA36F7BDC55029AD97C98D /* Frameworks */ = {
			isa = PBXGroup;
			children = (
				6FCF9AC7F30D1E5687A42C17 /* Pods_flashCards.framework */,
			);
			name = Frameworks;
			sourceTree = "<group>";
		};
		B7082BD7FD12725E2BAB2E0C /* Pods */ = {
			isa = PBXGroup;
			children = (
				B91E80B9E493E38F2BC7E677 /* Pods-flashCards.debug.xcconfig */,
				2EB8D8FE548A4A96FAF4F675 /* Pods-flashCards.release.xcconfig */,
			);
			name = Pods;
			sourceTree = "<group>";
		};
/* End PBXGroup section */

/* Begin PBXNativeTarget section */
		13F196E8210A3DED0033EF05 /* flashCards */ = {
			isa = PBXNativeTarget;
			buildConfigurationList = 13F196FE210A3DEF0033EF05 /* Build configuration list for PBXNativeTarget "flashCards" */;
			buildPhases = (
				E8B9A2B702A1041B46B0A42B /* [CP] Check Pods Manifest.lock */,
				13F196E5210A3DED0033EF05 /* Sources */,
				13F196E6210A3DED0033EF05 /* Frameworks */,
				13F196E7210A3DED0033EF05 /* Resources */,
				E159F9CA62E7983C5A54080D /* [CP] Embed Pods Frameworks */,
			);
			buildRules = (
			);
			dependencies = (
			);
			name = flashCards;
			productName = flashCards;
			productReference = 13F196E9210A3DED0033EF05 /* flashCards.app */;
			productType = "com.apple.product-type.application";
		};
/* End PBXNativeTarget section */

/* Begin PBXProject section */
		13F196E1210A3DED0033EF05 /* Project object */ = {
			isa = PBXProject;
			attributes = {
				LastSwiftUpdateCheck = 0940;
				LastUpgradeCheck = 0940;
				ORGANIZATIONNAME = "misael rivera";
				TargetAttributes = {
					13F196E8210A3DED0033EF05 = {
						CreatedOnToolsVersion = 9.4.1;
						LastSwiftMigration = 1000;
					};
				};
			};
			buildConfigurationList = 13F196E4210A3DED0033EF05 /* Build configuration list for PBXProject "flashCards" */;
			compatibilityVersion = "Xcode 9.3";
			developmentRegion = en;
			hasScannedForEncodings = 0;
			knownRegions = (
				en,
				Base,
			);
			mainGroup = 13F196E0210A3DED0033EF05;
			productRefGroup = 13F196EA210A3DED0033EF05 /* Products */;
			projectDirPath = "";
			projectRoot = "";
			targets = (
				13F196E8210A3DED0033EF05 /* flashCards */,
			);
		};
/* End PBXProject section */

/* Begin PBXResourcesBuildPhase section */
		13F196E7210A3DED0033EF05 /* Resources */ = {
			isa = PBXResourcesBuildPhase;
			buildActionMask = 2147483647;
			files = (
				13F196FA210A3DEF0033EF05 /* LaunchScreen.storyboard in Resources */,
				13F196F7210A3DEF0033EF05 /* Assets.xcassets in Resources */,
				13F196F2210A3DEE0033EF05 /* Main.storyboard in Resources */,
			);
			runOnlyForDeploymentPostprocessing = 0;
		};
/* End PBXResourcesBuildPhase section */

/* Begin PBXShellScriptBuildPhase section */
		E159F9CA62E7983C5A54080D /* [CP] Embed Pods Frameworks */ = {
			isa = PBXShellScriptBuildPhase;
			buildActionMask = 2147483647;
			files = (
			);
			inputPaths = (
				"${SRCROOT}/Pods/Target Support Files/Pods-flashCards/Pods-flashCards-frameworks.sh",
				"${BUILT_PRODUCTS_DIR}/Charts/Charts.framework",
				"${BUILT_PRODUCTS_DIR}/IQKeyboardManagerSwift/IQKeyboardManagerSwift.framework",
				"${BUILT_PRODUCTS_DIR}/SAConfettiView/SAConfettiView.framework",
			);
			name = "[CP] Embed Pods Frameworks";
			outputPaths = (
				"${TARGET_BUILD_DIR}/${FRAMEWORKS_FOLDER_PATH}/Charts.framework",
				"${TARGET_BUILD_DIR}/${FRAMEWORKS_FOLDER_PATH}/IQKeyboardManagerSwift.framework",
				"${TARGET_BUILD_DIR}/${FRAMEWORKS_FOLDER_PATH}/SAConfettiView.framework",
			);
			runOnlyForDeploymentPostprocessing = 0;
			shellPath = /bin/sh;
			shellScript = "\"${SRCROOT}/Pods/Target Support Files/Pods-flashCards/Pods-flashCards-frameworks.sh\"\n";
			showEnvVarsInLog = 0;
		};
		E8B9A2B702A1041B46B0A42B /* [CP] Check Pods Manifest.lock */ = {
			isa = PBXShellScriptBuildPhase;
			buildActionMask = 2147483647;
			files = (
			);
			inputPaths = (
				"${PODS_PODFILE_DIR_PATH}/Podfile.lock",
				"${PODS_ROOT}/Manifest.lock",
			);
			name = "[CP] Check Pods Manifest.lock";
			outputPaths = (
				"$(DERIVED_FILE_DIR)/Pods-flashCards-checkManifestLockResult.txt",
			);
			runOnlyForDeploymentPostprocessing = 0;
			shellPath = /bin/sh;
			shellScript = "diff \"${PODS_PODFILE_DIR_PATH}/Podfile.lock\" \"${PODS_ROOT}/Manifest.lock\" > /dev/null\nif [ $? != 0 ] ; then\n    # print error to STDERR\n    echo \"error: The sandbox is not in sync with the Podfile.lock. Run 'pod install' or update your CocoaPods installation.\" >&2\n    exit 1\nfi\n# This output is used by Xcode 'outputs' to avoid re-running this script phase.\necho \"SUCCESS\" > \"${SCRIPT_OUTPUT_FILE_0}\"\n";
			showEnvVarsInLog = 0;
		};
/* End PBXShellScriptBuildPhase section */

/* Begin PBXSourcesBuildPhase section */
		13F196E5210A3DED0033EF05 /* Sources */ = {
			isa = PBXSourcesBuildPhase;
			buildActionMask = 2147483647;
			files = (
				13F19708210A4FB20033EF05 /* vistaBotones.swift in Sources */,
				133D8734214F4DD200728394 /* statisticsVC.swift in Sources */,
				13AEA998211006B50048696F /* addwordVC.swift in Sources */,
				13F7E61221253DD200C68CA6 /* myGroupsVC.swift in Sources */,
				13F196EF210A3DEE0033EF05 /* mainController.swift in Sources */,
				13F196F5210A3DEE0033EF05 /* flashCards.xcdatamodeld in Sources */,
				131423DE21137EDE00A041CE /* myGameVC.swift in Sources */,
				13F19706210A4C630033EF05 /* vistaBoton.swift in Sources */,
				13BAF97C2125A8EE00ED7A8E /* groupCell.swift in Sources */,
				134A737521311538008629E5 /* groupsColor.swift in Sources */,
				13F1970A210A8A150033EF05 /* myWordsVC.swift in Sources */,
				13BA8EC7210EA85B00FBEAF5 /* wordCell.swift in Sources */,
				138234F021475EBF00D5EACE /* scoreVC.swift in Sources */,
				13F196ED210A3DEE0033EF05 /* AppDelegate.swift in Sources */,
				13F19704210A4ACA0033EF05 /* sombraVista.swift in Sources */,
				134A737121310F8C008629E5 /* extensions.swift in Sources */,
			);
			runOnlyForDeploymentPostprocessing = 0;
		};
/* End PBXSourcesBuildPhase section */

/* Begin PBXVariantGroup section */
		13F196F0210A3DEE0033EF05 /* Main.storyboard */ = {
			isa = PBXVariantGroup;
			children = (
				13F196F1210A3DEE0033EF05 /* Base */,
			);
			name = Main.storyboard;
			sourceTree = "<group>";
		};
		13F196F8210A3DEF0033EF05 /* LaunchScreen.storyboard */ = {
			isa = PBXVariantGroup;
			children = (
				13F196F9210A3DEF0033EF05 /* Base */,
			);
			name = LaunchScreen.storyboard;
			sourceTree = "<group>";
		};
/* End PBXVariantGroup section */

/* Begin XCBuildConfiguration section */
		13F196FC210A3DEF0033EF05 /* Debug */ = {
			isa = XCBuildConfiguration;
			buildSettings = {
				ALWAYS_SEARCH_USER_PATHS = NO;
				CLANG_ANALYZER_NONNULL = YES;
				CLANG_ANALYZER_NUMBER_OBJECT_CONVERSION = YES_AGGRESSIVE;
				CLANG_CXX_LANGUAGE_STANDARD = "gnu++14";
				CLANG_CXX_LIBRARY = "libc++";
				CLANG_ENABLE_MODULES = YES;
				CLANG_ENABLE_OBJC_ARC = YES;
				CLANG_ENABLE_OBJC_WEAK = YES;
				CLANG_WARN_BLOCK_CAPTURE_AUTORELEASING = YES;
				CLANG_WARN_BOOL_CONVERSION = YES;
				CLANG_WARN_COMMA = YES;
				CLANG_WARN_CONSTANT_CONVERSION = YES;
				CLANG_WARN_DEPRECATED_OBJC_IMPLEMENTATIONS = YES;
				CLANG_WARN_DIRECT_OBJC_ISA_USAGE = YES_ERROR;
				CLANG_WARN_DOCUMENTATION_COMMENTS = YES;
				CLANG_WARN_EMPTY_BODY = YES;
				CLANG_WARN_ENUM_CONVERSION = YES;
				CLANG_WARN_INFINITE_RECURSION = YES;
				CLANG_WARN_INT_CONVERSION = YES;
				CLANG_WARN_NON_LITERAL_NULL_CONVERSION = YES;
				CLANG_WARN_OBJC_IMPLICIT_RETAIN_SELF = YES;
				CLANG_WARN_OBJC_LITERAL_CONVERSION = YES;
				CLANG_WARN_OBJC_ROOT_CLASS = YES_ERROR;
				CLANG_WARN_RANGE_LOOP_ANALYSIS = YES;
				CLANG_WARN_STRICT_PROTOTYPES = YES;
				CLANG_WARN_SUSPICIOUS_MOVE = YES;
				CLANG_WARN_UNGUARDED_AVAILABILITY = YES_AGGRESSIVE;
				CLANG_WARN_UNREACHABLE_CODE = YES;
				CLANG_WARN__DUPLICATE_METHOD_MATCH = YES;
				CODE_SIGN_IDENTITY = "iPhone Developer";
				COPY_PHASE_STRIP = NO;
				DEBUG_INFORMATION_FORMAT = dwarf;
				ENABLE_STRICT_OBJC_MSGSEND = YES;
				ENABLE_TESTABILITY = YES;
				GCC_C_LANGUAGE_STANDARD = gnu11;
				GCC_DYNAMIC_NO_PIC = NO;
				GCC_NO_COMMON_BLOCKS = YES;
				GCC_OPTIMIZATION_LEVEL = 0;
				GCC_PREPROCESSOR_DEFINITIONS = (
					"DEBUG=1",
					"$(inherited)",
				);
				GCC_WARN_64_TO_32_BIT_CONVERSION = YES;
				GCC_WARN_ABOUT_RETURN_TYPE = YES_ERROR;
				GCC_WARN_UNDECLARED_SELECTOR = YES;
				GCC_WARN_UNINITIALIZED_AUTOS = YES_AGGRESSIVE;
				GCC_WARN_UNUSED_FUNCTION = YES;
				GCC_WARN_UNUSED_VARIABLE = YES;
				IPHONEOS_DEPLOYMENT_TARGET = 11.4;
				MTL_ENABLE_DEBUG_INFO = YES;
				ONLY_ACTIVE_ARCH = YES;
				SDKROOT = iphoneos;
				SWIFT_ACTIVE_COMPILATION_CONDITIONS = DEBUG;
				SWIFT_OPTIMIZATION_LEVEL = "-Onone";
			};
			name = Debug;
		};
		13F196FD210A3DEF0033EF05 /* Release */ = {
			isa = XCBuildConfiguration;
			buildSettings = {
				ALWAYS_SEARCH_USER_PATHS = NO;
				CLANG_ANALYZER_NONNULL = YES;
				CLANG_ANALYZER_NUMBER_OBJECT_CONVERSION = YES_AGGRESSIVE;
				CLANG_CXX_LANGUAGE_STANDARD = "gnu++14";
				CLANG_CXX_LIBRARY = "libc++";
				CLANG_ENABLE_MODULES = YES;
				CLANG_ENABLE_OBJC_ARC = YES;
				CLANG_ENABLE_OBJC_WEAK = YES;
				CLANG_WARN_BLOCK_CAPTURE_AUTORELEASING = YES;
				CLANG_WARN_BOOL_CONVERSION = YES;
				CLANG_WARN_COMMA = YES;
				CLANG_WARN_CONSTANT_CONVERSION = YES;
				CLANG_WARN_DEPRECATED_OBJC_IMPLEMENTATIONS = YES;
				CLANG_WARN_DIRECT_OBJC_ISA_USAGE = YES_ERROR;
				CLANG_WARN_DOCUMENTATION_COMMENTS = YES;
				CLANG_WARN_EMPTY_BODY = YES;
				CLANG_WARN_ENUM_CONVERSION = YES;
				CLANG_WARN_INFINITE_RECURSION = YES;
				CLANG_WARN_INT_CONVERSION = YES;
				CLANG_WARN_NON_LITERAL_NULL_CONVERSION = YES;
				CLANG_WARN_OBJC_IMPLICIT_RETAIN_SELF = YES;
				CLANG_WARN_OBJC_LITERAL_CONVERSION = YES;
				CLANG_WARN_OBJC_ROOT_CLASS = YES_ERROR;
				CLANG_WARN_RANGE_LOOP_ANALYSIS = YES;
				CLANG_WARN_STRICT_PROTOTYPES = YES;
				CLANG_WARN_SUSPICIOUS_MOVE = YES;
				CLANG_WARN_UNGUARDED_AVAILABILITY = YES_AGGRESSIVE;
				CLANG_WARN_UNREACHABLE_CODE = YES;
				CLANG_WARN__DUPLICATE_METHOD_MATCH = YES;
				CODE_SIGN_IDENTITY = "iPhone Developer";
				COPY_PHASE_STRIP = NO;
				DEBUG_INFORMATION_FORMAT = "dwarf-with-dsym";
				ENABLE_NS_ASSERTIONS = NO;
				ENABLE_STRICT_OBJC_MSGSEND = YES;
				GCC_C_LANGUAGE_STANDARD = gnu11;
				GCC_NO_COMMON_BLOCKS = YES;
				GCC_WARN_64_TO_32_BIT_CONVERSION = YES;
				GCC_WARN_ABOUT_RETURN_TYPE = YES_ERROR;
				GCC_WARN_UNDECLARED_SELECTOR = YES;
				GCC_WARN_UNINITIALIZED_AUTOS = YES_AGGRESSIVE;
				GCC_WARN_UNUSED_FUNCTION = YES;
				GCC_WARN_UNUSED_VARIABLE = YES;
				IPHONEOS_DEPLOYMENT_TARGET = 11.4;
				MTL_ENABLE_DEBUG_INFO = NO;
				SDKROOT = iphoneos;
				SWIFT_COMPILATION_MODE = wholemodule;
				SWIFT_OPTIMIZATION_LEVEL = "-O";
				VALIDATE_PRODUCT = YES;
			};
			name = Release;
		};
		13F196FF210A3DEF0033EF05 /* Debug */ = {
			isa = XCBuildConfiguration;
			baseConfigurationReference = B91E80B9E493E38F2BC7E677 /* Pods-flashCards.debug.xcconfig */;
			buildSettings = {
				ASSETCATALOG_COMPILER_APPICON_NAME = AppIcon;
				CODE_SIGN_STYLE = Automatic;
				DEVELOPMENT_TEAM = 967D57A66Z;
				INFOPLIST_FILE = flashCards/Info.plist;
				IPHONEOS_DEPLOYMENT_TARGET = 11.0;
				LD_RUNPATH_SEARCH_PATHS = "$(inherited) @executable_path/Frameworks";
				PRODUCT_BUNDLE_IDENTIFIER = com.jonathanRivera.flashCards;
				PRODUCT_NAME = "$(TARGET_NAME)";
				SWIFT_VERSION = 4.2;
				TARGETED_DEVICE_FAMILY = "1,2";
			};
			name = Debug;
		};
		13F19700210A3DEF0033EF05 /* Release */ = {
			isa = XCBuildConfiguration;
			baseConfigurationReference = 2EB8D8FE548A4A96FAF4F675 /* Pods-flashCards.release.xcconfig */;
			buildSettings = {
				ASSETCATALOG_COMPILER_APPICON_NAME = AppIcon;
				CODE_SIGN_STYLE = Automatic;
				DEVELOPMENT_TEAM = 967D57A66Z;
				INFOPLIST_FILE = flashCards/Info.plist;
				IPHONEOS_DEPLOYMENT_TARGET = 11.0;
				LD_RUNPATH_SEARCH_PATHS = "$(inherited) @executable_path/Frameworks";
				PRODUCT_BUNDLE_IDENTIFIER = com.jonathanRivera.flashCards;
				PRODUCT_NAME = "$(TARGET_NAME)";
				SWIFT_VERSION = 4.2;
				TARGETED_DEVICE_FAMILY = "1,2";
			};
			name = Release;
		};
/* End XCBuildConfiguration section */

/* Begin XCConfigurationList section */
		13F196E4210A3DED0033EF05 /* Build configuration list for PBXProject "flashCards" */ = {
			isa = XCConfigurationList;
			buildConfigurations = (
				13F196FC210A3DEF0033EF05 /* Debug */,
				13F196FD210A3DEF0033EF05 /* Release */,
			);
			defaultConfigurationIsVisible = 0;
			defaultConfigurationName = Release;
		};
		13F196FE210A3DEF0033EF05 /* Build configuration list for PBXNativeTarget "flashCards" */ = {
			isa = XCConfigurationList;
			buildConfigurations = (
				13F196FF210A3DEF0033EF05 /* Debug */,
				13F19700210A3DEF0033EF05 /* Release */,
			);
			defaultConfigurationIsVisible = 0;
			defaultConfigurationName = Release;
		};
/* End XCConfigurationList section */

/* Begin XCVersionGroup section */
		13F196F3210A3DEE0033EF05 /* flashCards.xcdatamodeld */ = {
			isa = XCVersionGroup;
			children = (
				13F196F4210A3DEE0033EF05 /* flashCards.xcdatamodel */,
			);
			currentVersion = 13F196F4210A3DEE0033EF05 /* flashCards.xcdatamodel */;
			path = flashCards.xcdatamodeld;
			sourceTree = "<group>";
			versionGroupType = wrapper.xcdatamodel;
		};
/* End XCVersionGroup section */
	};
	rootObject = 13F196E1210A3DED0033EF05 /* Project object */;
}
